
Microsoft Visual Studio Solution File, Format Version 12.00
# Visual Studio Version 17
VisualStudioVersion = 17.5.002.0
MinimumVisualStudioVersion = 10.0.40219.1
Project("{9A19103F-16F7-4668-BE54-9A1E7A4F7556}") = "minimal-api", "minimal-api.csproj", "{07E46EBA-9B20-4771-BE68-7761FA7003B3}"
EndProject
Global
	GlobalSection(SolutionConfigurationPlatforms) = preSolution
		Debug|Any CPU = Debug|Any CPU
		Release|Any CPU = Release|Any CPU
	EndGlobalSection
	GlobalSection(ProjectConfigurationPlatforms) = postSolution
		{07E46EBA-9B20-4771-BE68-7761FA7003B3}.Debug|Any CPU.ActiveCfg = Debug|Any CPU
		{07E46EBA-9B20-4771-BE68-7761FA7003B3}.Debug|Any CPU.Build.0 = Debug|Any CPU
		{07E46EBA-9B20-4771-BE68-7761FA7003B3}.Release|Any CPU.ActiveCfg = Release|Any CPU
		{07E46EBA-9B20-4771-BE68-7761FA7003B3}.Release|Any CPU.Build.0 = Release|Any CPU
	EndGlobalSection
	GlobalSection(SolutionProperties) = preSolution
		HideSolutionNode = FALSE
	EndGlobalSection
	GlobalSection(ExtensibilityGlobals) = postSolution
		SolutionGuid = {8B9246E5-C96A-47C8-B540-D191911D9169}
	EndGlobalSection
EndGlobal
